
Microsoft Visual Studio Solution File, Format Version 12.00
# Visual Studio Version 17
VisualStudioVersion = 17.11.35303.130
MinimumVisualStudioVersion = 10.0.40219.1
Project("{FAE04EC0-301F-11D3-BF4B-00C04F79EFBC}") = "ProductFilter", "ProductFilter\ProductFilter.csproj", "{389D49B5-A19C-475D-883E-4524FA9C45DF}"
EndProject
Project("{FAE04EC0-301F-11D3-BF4B-00C04F79EFBC}") = "ProductFilter.Tests", "ProductFilter.Tests\ProductFilter.Tests.csproj", "{A11B38DD-34FA-4B34-A637-6248427CFF22}"
EndProject
Global
	GlobalSection(SolutionConfigurationPlatforms) = preSolution
		Debug|Any CPU = Debug|Any CPU
		Release|Any CPU = Release|Any CPU
	EndGlobalSection
	GlobalSection(ProjectConfigurationPlatforms) = postSolution
		{389D49B5-A19C-475D-883E-4524FA9C45DF}.Debug|Any CPU.ActiveCfg = Debug|Any CPU
		{389D49B5-A19C-475D-883E-4524FA9C45DF}.Debug|Any CPU.Build.0 = Debug|Any CPU
		{389D49B5-A19C-475D-883E-4524FA9C45DF}.Release|Any CPU.ActiveCfg = Release|Any CPU
		{389D49B5-A19C-475D-883E-4524FA9C45DF}.Release|Any CPU.Build.0 = Release|Any CPU
		{A11B38DD-34FA-4B34-A637-6248427CFF22}.Debug|Any CPU.ActiveCfg = Debug|Any CPU
		{A11B38DD-34FA-4B34-A637-6248427CFF22}.Debug|Any CPU.Build.0 = Debug|Any CPU
		{A11B38DD-34FA-4B34-A637-6248427CFF22}.Release|Any CPU.ActiveCfg = Release|Any CPU
		{A11B38DD-34FA-4B34-A637-6248427CFF22}.Release|Any CPU.Build.0 = Release|Any CPU
	EndGlobalSection
	GlobalSection(SolutionProperties) = preSolution
		HideSolutionNode = FALSE
	EndGlobalSection
	GlobalSection(ExtensibilityGlobals) = postSolution
		SolutionGuid = {57E6106C-8648-4EDC-B3CF-61E380CBCD1D}
	EndGlobalSection
EndGlobal
